# This file is automatically @generated by Cargo.
# It is not intended for manual editing.
version = 4

[[package]]
name = "breachops-nav"
version = "0.1.0"

[[package]]
name = "breachops-nav-cli"
version = "0.1.0"

[[package]]
name = "breachops-nav-config"
version = "0.1.0"

[[package]]
name = "breachops-nav-utils"
version = "0.1.0"
